
Microsoft Visual Studio Solution File, Format Version 12.00
# Visual Studio Version 17
VisualStudioVersion = 17.1.32228.430
MinimumVisualStudioVersion = 10.0.40219.1
Project("{FAE04EC0-301F-11D3-BF4B-00C04F79EFBC}") = "ControlApp.Core", "ControlApp.Core\ControlApp.Core.csproj", "{D860C3F7-E051-4932-BC2A-3D6297E55D08}"
EndProject
Project("{FAE04EC0-301F-11D3-BF4B-00C04F79EFBC}") = "ControlApp.Service", "ControlApp.Service\ControlApp.Service.csproj", "{CBFA3683-F7F3-4C32-9CDA-C02BCED5C38E}"
EndProject
Project("{FAE04EC0-301F-11D3-BF4B-00C04F79EFBC}") = "ControlApp.Repository", "ControlApp.Repository\ControlApp.Repository.csproj", "{572C95BB-E015-46C9-988A-4629781683F2}"
EndProject
Project("{FAE04EC0-301F-11D3-BF4B-00C04F79EFBC}") = "ControlApp.API", "ControlApp.API\ControlApp.API.csproj", "{928A3D66-DF0B-42DD-806D-0EA1EDEA1A36}"
EndProject
Global
	GlobalSection(SolutionConfigurationPlatforms) = preSolution
		Debug|Any CPU = Debug|Any CPU
		Release|Any CPU = Release|Any CPU
	EndGlobalSection
	GlobalSection(ProjectConfigurationPlatforms) = postSolution
		{D860C3F7-E051-4932-BC2A-3D6297E55D08}.Debug|Any CPU.ActiveCfg = Debug|Any CPU
		{D860C3F7-E051-4932-BC2A-3D6297E55D08}.Debug|Any CPU.Build.0 = Debug|Any CPU
		{D860C3F7-E051-4932-BC2A-3D6297E55D08}.Release|Any CPU.ActiveCfg = Release|Any CPU
		{D860C3F7-E051-4932-BC2A-3D6297E55D08}.Release|Any CPU.Build.0 = Release|Any CPU
		{CBFA3683-F7F3-4C32-9CDA-C02BCED5C38E}.Debug|Any CPU.ActiveCfg = Debug|Any CPU
		{CBFA3683-F7F3-4C32-9CDA-C02BCED5C38E}.Debug|Any CPU.Build.0 = Debug|Any CPU
		{CBFA3683-F7F3-4C32-9CDA-C02BCED5C38E}.Release|Any CPU.ActiveCfg = Release|Any CPU
		{CBFA3683-F7F3-4C32-9CDA-C02BCED5C38E}.Release|Any CPU.Build.0 = Release|Any CPU
		{572C95BB-E015-46C9-988A-4629781683F2}.Debug|Any CPU.ActiveCfg = Debug|Any CPU
		{572C95BB-E015-46C9-988A-4629781683F2}.Debug|Any CPU.Build.0 = Debug|Any CPU
		{572C95BB-E015-46C9-988A-4629781683F2}.Release|Any CPU.ActiveCfg = Release|Any CPU
		{572C95BB-E015-46C9-988A-4629781683F2}.Release|Any CPU.Build.0 = Release|Any CPU
		{928A3D66-DF0B-42DD-806D-0EA1EDEA1A36}.Debug|Any CPU.ActiveCfg = Debug|Any CPU
		{928A3D66-DF0B-42DD-806D-0EA1EDEA1A36}.Debug|Any CPU.Build.0 = Debug|Any CPU
		{928A3D66-DF0B-42DD-806D-0EA1EDEA1A36}.Release|Any CPU.ActiveCfg = Release|Any CPU
		{928A3D66-DF0B-42DD-806D-0EA1EDEA1A36}.Release|Any CPU.Build.0 = Release|Any CPU
	EndGlobalSection
	GlobalSection(SolutionProperties) = preSolution
		HideSolutionNode = FALSE
	EndGlobalSection
	GlobalSection(ExtensibilityGlobals) = postSolution
		SolutionGuid = {42D5512A-1027-4B1F-A270-4BD4D3880247}
	EndGlobalSection
EndGlobal
